# This file is automatically @generated by Cargo.
# It is not intended for manual editing.
version = 3

[[package]]
name = "let_assembler"
version = "0.1.0"
dependencies = [
 "let_emitter",
 "let_result",
]

[[package]]
name = "let_emitter"
version = "0.1.0"
dependencies = [
 "let_result",
]

[[package]]
name = "let_object_emitter"
version = "0.1.0"
dependencies = [
 "let_emitter",
 "let_opcodes",
 "let_resolver",
 "let_result",
]

[[package]]
name = "let_opcodes"
version = "0.1.0"

[[package]]
name = "let_parser"
version = "0.1.0"
dependencies = [
 "let_emitter",
 "let_result",
]

[[package]]
name = "let_resolver"
version = "0.1.0"
dependencies = [
 "let_result",
]

[[package]]
name = "let_result"
version = "0.1.0"

[[package]]
name = "leta"
version = "0.1.0"
dependencies = [
 "let_assembler",
 "let_object_emitter",
 "let_result",
]

[[package]]
name = "letc"
version = "0.1.0"
dependencies = [
 "let_emitter",
 "let_object_emitter",
 "let_parser",
 "let_result",
 "read_iter",
]

[[package]]
name = "letl"
version = "0.1.0"
dependencies = [
 "let_opcodes",
 "let_resolver",
 "let_result",
]

[[package]]
name = "letr"
version = "0.1.0"
dependencies = [
 "let_opcodes",
 "let_result",
]

[[package]]
name = "read_iter"
version = "0.1.0"
